// !$*UTF8*$!
{
	archiveVersion = 1;
	classes = {
	};
	objectVersion = 56;
	objects = {

/* Begin PBXBuildFile section */
		9D1077FE2BF3258D003AEC57 /* BeatCentralApp.swift in Sources */ = {isa = PBXBuildFile; fileRef = 9D1077FD2BF3258D003AEC57 /* BeatCentralApp.swift */; };
		9D1078002BF3258D003AEC57 /* ContentView.swift in Sources */ = {isa = PBXBuildFile; fileRef = 9D1077FF2BF3258D003AEC57 /* ContentView.swift */; };
		9D1078042BF3258F003AEC57 /* Assets.xcassets in Resources */ = {isa = PBXBuildFile; fileRef = 9D1078032BF3258F003AEC57 /* Assets.xcassets */; };
		9D1078072BF3258F003AEC57 /* Preview Assets.xcassets in Resources */ = {isa = PBXBuildFile; fileRef = 9D1078062BF3258F003AEC57 /* Preview Assets.xcassets */; };
		9D1078122BF3258F003AEC57 /* BeatCentralTests.swift in Sources */ = {isa = PBXBuildFile; fileRef = 9D1078112BF3258F003AEC57 /* BeatCentralTests.swift */; };
		9D10781C2BF3258F003AEC57 /* BeatCentralUITests.swift in Sources */ = {isa = PBXBuildFile; fileRef = 9D10781B2BF3258F003AEC57 /* BeatCentralUITests.swift */; };
		9D10781E2BF3258F003AEC57 /* BeatCentralUITestsLaunchTests.swift in Sources */ = {isa = PBXBuildFile; fileRef = 9D10781D2BF3258F003AEC57 /* BeatCentralUITestsLaunchTests.swift */; };
		9D22E9A42BF5A0E600438A3E /* AudioManager.swift in Sources */ = {isa = PBXBuildFile; fileRef = 9D22E9A32BF5A0E600438A3E /* AudioManager.swift */; };
		9D22E9A72BF5A6C600438A3E /* SoundInitializer.swift in Sources */ = {isa = PBXBuildFile; fileRef = 9D22E9A62BF5A6C600438A3E /* SoundInitializer.swift */; };
		9D22E9B12BF6C5DE00438A3E /* KeyboardManager.swift in Sources */ = {isa = PBXBuildFile; fileRef = 9D22E9B02BF6C5DE00438A3E /* KeyboardManager.swift */; };
		9D22E9B52BF6CF3C00438A3E /* KeyboardObserver.swift in Sources */ = {isa = PBXBuildFile; fileRef = 9D22E9B42BF6CF3C00438A3E /* KeyboardObserver.swift */; };
		9D8E76AA2BFB237900E7E63D /* snare.wav in Resources */ = {isa = PBXBuildFile; fileRef = 9D8E76A22BFB237900E7E63D /* snare.wav */; };
		9D8E76AB2BFB237900E7E63D /* hihat.wav in Resources */ = {isa = PBXBuildFile; fileRef = 9D8E76A32BFB237900E7E63D /* hihat.wav */; };
		9D8E76AC2BFB237900E7E63D /* ride.wav in Resources */ = {isa = PBXBuildFile; fileRef = 9D8E76A42BFB237900E7E63D /* ride.wav */; };
		9D8E76AD2BFB237900E7E63D /* crash.wav in Resources */ = {isa = PBXBuildFile; fileRef = 9D8E76A52BFB237900E7E63D /* crash.wav */; };
		9D8E76AE2BFB237900E7E63D /* floortom.wav in Resources */ = {isa = PBXBuildFile; fileRef = 9D8E76A62BFB237900E7E63D /* floortom.wav */; };
		9D8E76AF2BFB237900E7E63D /* tomlow.wav in Resources */ = {isa = PBXBuildFile; fileRef = 9D8E76A72BFB237900E7E63D /* tomlow.wav */; };
		9D8E76B02BFB237900E7E63D /* hihatopen.wav in Resources */ = {isa = PBXBuildFile; fileRef = 9D8E76A82BFB237900E7E63D /* hihatopen.wav */; };
		9D8E76B12BFB237900E7E63D /* tomhigh.wav in Resources */ = {isa = PBXBuildFile; fileRef = 9D8E76A92BFB237900E7E63D /* tomhigh.wav */; };
		9D8E76B32BFB2BD000E7E63D /* kick.wav in Resources */ = {isa = PBXBuildFile; fileRef = 9D8E76B22BFB2BD000E7E63D /* kick.wav */; };
		9D8E76B52BFB2C0900E7E63D /* KeyMapView.swift in Sources */ = {isa = PBXBuildFile; fileRef = 9D8E76B42BFB2C0900E7E63D /* KeyMapView.swift */; };
		9DDB08F32BFC224F006B75C2 /* Snare_12_649.wav in Resources */ = {isa = PBXBuildFile; fileRef = 9DDB08F22BFC224E006B75C2 /* Snare_12_649.wav */; };
/* End PBXBuildFile section */

/* Begin PBXContainerItemProxy section */
		9D10780E2BF3258F003AEC57 /* PBXContainerItemProxy */ = {
			isa = PBXContainerItemProxy;
			containerPortal = 9D1077F22BF3258D003AEC57 /* Project object */;
			proxyType = 1;
			remoteGlobalIDString = 9D1077F92BF3258D003AEC57;
			remoteInfo = BeatCentral;
		};
		9D1078182BF3258F003AEC57 /* PBXContainerItemProxy */ = {
			isa = PBXContainerItemProxy;
			containerPortal = 9D1077F22BF3258D003AEC57 /* Project object */;
			proxyType = 1;
			remoteGlobalIDString = 9D1077F92BF3258D003AEC57;
			remoteInfo = BeatCentral;
		};
/* End PBXContainerItemProxy section */

/* Begin PBXFileReference section */
		9D1077FA2BF3258D003AEC57 /* BeatCentral.app */ = {isa = PBXFileReference; explicitFileType = wrapper.application; includeInIndex = 0; path = BeatCentral.app; sourceTree = BUILT_PRODUCTS_DIR; };
		9D1077FD2BF3258D003AEC57 /* BeatCentralApp.swift */ = {isa = PBXFileReference; lastKnownFileType = sourcecode.swift; path = BeatCentralApp.swift; sourceTree = "<group>"; };
		9D1077FF2BF3258D003AEC57 /* ContentView.swift */ = {isa = PBXFileReference; lastKnownFileType = sourcecode.swift; path = ContentView.swift; sourceTree = "<group>"; };
		9D1078032BF3258F003AEC57 /* Assets.xcassets */ = {isa = PBXFileReference; lastKnownFileType = folder.assetcatalog; path = Assets.xcassets; sourceTree = "<group>"; };
		9D1078062BF3258F003AEC57 /* Preview Assets.xcassets */ = {isa = PBXFileReference; lastKnownFileType = folder.assetcatalog; path = "Preview Assets.xcassets"; sourceTree = "<group>"; };
		9D1078082BF3258F003AEC57 /* BeatCentral.entitlements */ = {isa = PBXFileReference; lastKnownFileType = text.plist.entitlements; path = BeatCentral.entitlements; sourceTree = "<group>"; };
		9D10780D2BF3258F003AEC57 /* BeatCentralTests.xctest */ = {isa = PBXFileReference; explicitFileType = wrapper.cfbundle; includeInIndex = 0; path = BeatCentralTests.xctest; sourceTree = BUILT_PRODUCTS_DIR; };
		9D1078112BF3258F003AEC57 /* BeatCentralTests.swift */ = {isa = PBXFileReference; lastKnownFileType = sourcecode.swift; path = BeatCentralTests.swift; sourceTree = "<group>"; };
		9D1078172BF3258F003AEC57 /* BeatCentralUITests.xctest */ = {isa = PBXFileReference; explicitFileType = wrapper.cfbundle; includeInIndex = 0; path = BeatCentralUITests.xctest; sourceTree = BUILT_PRODUCTS_DIR; };
		9D10781B2BF3258F003AEC57 /* BeatCentralUITests.swift */ = {isa = PBXFileReference; lastKnownFileType = sourcecode.swift; path = BeatCentralUITests.swift; sourceTree = "<group>"; };
		9D10781D2BF3258F003AEC57 /* BeatCentralUITestsLaunchTests.swift */ = {isa = PBXFileReference; lastKnownFileType = sourcecode.swift; path = BeatCentralUITestsLaunchTests.swift; sourceTree = "<group>"; };
		9D22E9A32BF5A0E600438A3E /* AudioManager.swift */ = {isa = PBXFileReference; lastKnownFileType = sourcecode.swift; path = AudioManager.swift; sourceTree = "<group>"; };
		9D22E9A62BF5A6C600438A3E /* SoundInitializer.swift */ = {isa = PBXFileReference; lastKnownFileType = sourcecode.swift; path = SoundInitializer.swift; sourceTree = "<group>"; };
		9D22E9B02BF6C5DE00438A3E /* KeyboardManager.swift */ = {isa = PBXFileReference; lastKnownFileType = sourcecode.swift; path = KeyboardManager.swift; sourceTree = "<group>"; };
		9D22E9B42BF6CF3C00438A3E /* KeyboardObserver.swift */ = {isa = PBXFileReference; lastKnownFileType = sourcecode.swift; path = KeyboardObserver.swift; sourceTree = "<group>"; };
		9D8E76A22BFB237900E7E63D /* snare.wav */ = {isa = PBXFileReference; lastKnownFileType = audio.wav; path = snare.wav; sourceTree = "<group>"; };
		9D8E76A32BFB237900E7E63D /* hihat.wav */ = {isa = PBXFileReference; lastKnownFileType = audio.wav; path = hihat.wav; sourceTree = "<group>"; };
		9D8E76A42BFB237900E7E63D /* ride.wav */ = {isa = PBXFileReference; lastKnownFileType = audio.wav; path = ride.wav; sourceTree = "<group>"; };
		9D8E76A52BFB237900E7E63D /* crash.wav */ = {isa = PBXFileReference; lastKnownFileType = audio.wav; path = crash.wav; sourceTree = "<group>"; };
		9D8E76A62BFB237900E7E63D /* floortom.wav */ = {isa = PBXFileReference; lastKnownFileType = audio.wav; path = floortom.wav; sourceTree = "<group>"; };
		9D8E76A72BFB237900E7E63D /* tomlow.wav */ = {isa = PBXFileReference; lastKnownFileType = audio.wav; path = tomlow.wav; sourceTree = "<group>"; };
		9D8E76A82BFB237900E7E63D /* hihatopen.wav */ = {isa = PBXFileReference; lastKnownFileType = audio.wav; path = hihatopen.wav; sourceTree = "<group>"; };
		9D8E76A92BFB237900E7E63D /* tomhigh.wav */ = {isa = PBXFileReference; lastKnownFileType = audio.wav; path = tomhigh.wav; sourceTree = "<group>"; };
		9D8E76B22BFB2BD000E7E63D /* kick.wav */ = {isa = PBXFileReference; lastKnownFileType = audio.wav; path = kick.wav; sourceTree = "<group>"; };
		9D8E76B42BFB2C0900E7E63D /* KeyMapView.swift */ = {isa = PBXFileReference; lastKnownFileType = sourcecode.swift; path = KeyMapView.swift; sourceTree = "<group>"; };
		9DDB08F22BFC224E006B75C2 /* Snare_12_649.wav */ = {isa = PBXFileReference; lastKnownFileType = audio.wav; path = Snare_12_649.wav; sourceTree = "<group>"; };
/* End PBXFileReference section */

/* Begin PBXFrameworksBuildPhase section */
		9D1077F72BF3258D003AEC57 /* Frameworks */ = {
			isa = PBXFrameworksBuildPhase;
			buildActionMask = 2147483647;
			files = (
			);
			runOnlyForDeploymentPostprocessing = 0;
		};
		9D10780A2BF3258F003AEC57 /* Frameworks */ = {
			isa = PBXFrameworksBuildPhase;
			buildActionMask = 2147483647;
			files = (
			);
			runOnlyForDeploymentPostprocessing = 0;
		};
		9D1078142BF3258F003AEC57 /* Frameworks */ = {
			isa = PBXFrameworksBuildPhase;
			buildActionMask = 2147483647;
			files = (
			);
			runOnlyForDeploymentPostprocessing = 0;
		};
/* End PBXFrameworksBuildPhase section */

/* Begin PBXGroup section */
		9D1077F12BF3258D003AEC57 = {
			isa = PBXGroup;
			children = (
				9D1077FC2BF3258D003AEC57 /* BeatCentral */,
				9D1078102BF3258F003AEC57 /* BeatCentralTests */,
				9D10781A2BF3258F003AEC57 /* BeatCentralUITests */,
				9D1077FB2BF3258D003AEC57 /* Products */,
			);
			sourceTree = "<group>";
		};
		9D1077FB2BF3258D003AEC57 /* Products */ = {
			isa = PBXGroup;
			children = (
				9D1077FA2BF3258D003AEC57 /* BeatCentral.app */,
				9D10780D2BF3258F003AEC57 /* BeatCentralTests.xctest */,
				9D1078172BF3258F003AEC57 /* BeatCentralUITests.xctest */,
			);
			name = Products;
			sourceTree = "<group>";
		};
		9D1077FC2BF3258D003AEC57 /* BeatCentral */ = {
			isa = PBXGroup;
			children = (
				9DC2427A2BFD9EE30008572D /* Audio */,
				9D22E9A52BF5A6A900438A3E /* Initializers */,
				9D22E9A22BF5A0DA00438A3E /* Managers */,
				9D1077FD2BF3258D003AEC57 /* BeatCentralApp.swift */,
				9D1077FF2BF3258D003AEC57 /* ContentView.swift */,
				9D8E76B42BFB2C0900E7E63D /* KeyMapView.swift */,
				9D1078032BF3258F003AEC57 /* Assets.xcassets */,
				9D1078082BF3258F003AEC57 /* BeatCentral.entitlements */,
				9D1078052BF3258F003AEC57 /* Preview Content */,
			);
			path = BeatCentral;
			sourceTree = "<group>";
		};
		9D1078052BF3258F003AEC57 /* Preview Content */ = {
			isa = PBXGroup;
			children = (
				9D1078062BF3258F003AEC57 /* Preview Assets.xcassets */,
			);
			path = "Preview Content";
			sourceTree = "<group>";
		};
		9D1078102BF3258F003AEC57 /* BeatCentralTests */ = {
			isa = PBXGroup;
			children = (
				9D1078112BF3258F003AEC57 /* BeatCentralTests.swift */,
			);
			path = BeatCentralTests;
			sourceTree = "<group>";
		};
		9D10781A2BF3258F003AEC57 /* BeatCentralUITests */ = {
			isa = PBXGroup;
			children = (
				9D10781B2BF3258F003AEC57 /* BeatCentralUITests.swift */,
				9D10781D2BF3258F003AEC57 /* BeatCentralUITestsLaunchTests.swift */,
			);
			path = BeatCentralUITests;
			sourceTree = "<group>";
		};
		9D22E9A22BF5A0DA00438A3E /* Managers */ = {
			isa = PBXGroup;
			children = (
				9D22E9A32BF5A0E600438A3E /* AudioManager.swift */,
				9D22E9B02BF6C5DE00438A3E /* KeyboardManager.swift */,
				9D22E9B42BF6CF3C00438A3E /* KeyboardObserver.swift */,
			);
			path = Managers;
			sourceTree = "<group>";
		};
		9D22E9A52BF5A6A900438A3E /* Initializers */ = {
			isa = PBXGroup;
			children = (
				9D22E9A62BF5A6C600438A3E /* SoundInitializer.swift */,
			);
			path = Initializers;
			sourceTree = "<group>";
		};
		9DC2427A2BFD9EE30008572D /* Audio */ = {
			isa = PBXGroup;
			children = (
				9D8E76A52BFB237900E7E63D /* crash.wav */,
				9DDB08F22BFC224E006B75C2 /* Snare_12_649.wav */,
				9D8E76A62BFB237900E7E63D /* floortom.wav */,
				9D8E76A32BFB237900E7E63D /* hihat.wav */,
				9D8E76B22BFB2BD000E7E63D /* kick.wav */,
				9D8E76A82BFB237900E7E63D /* hihatopen.wav */,
				9D8E76A42BFB237900E7E63D /* ride.wav */,
				9D8E76A22BFB237900E7E63D /* snare.wav */,
				9D8E76A92BFB237900E7E63D /* tomhigh.wav */,
				9D8E76A72BFB237900E7E63D /* tomlow.wav */,
			);
			path = Audio;
			sourceTree = "<group>";
		};
/* End PBXGroup section */

/* Begin PBXNativeTarget section */
		9D1077F92BF3258D003AEC57 /* BeatCentral */ = {
			isa = PBXNativeTarget;
			buildConfigurationList = 9D1078212BF3258F003AEC57 /* Build configuration list for PBXNativeTarget "BeatCentral" */;
			buildPhases = (
				9D1077F62BF3258D003AEC57 /* Sources */,
				9D1077F72BF3258D003AEC57 /* Frameworks */,
				9D1077F82BF3258D003AEC57 /* Resources */,
			);
			buildRules = (
			);
			dependencies = (
			);
			name = BeatCentral;
			productName = BeatCentral;
			productReference = 9D1077FA2BF3258D003AEC57 /* BeatCentral.app */;
			productType = "com.apple.product-type.application";
		};
		9D10780C2BF3258F003AEC57 /* BeatCentralTests */ = {
			isa = PBXNativeTarget;
			buildConfigurationList = 9D1078242BF3258F003AEC57 /* Build configuration list for PBXNativeTarget "BeatCentralTests" */;
			buildPhases = (
				9D1078092BF3258F003AEC57 /* Sources */,
				9D10780A2BF3258F003AEC57 /* Frameworks */,
				9D10780B2BF3258F003AEC57 /* Resources */,
			);
			buildRules = (
			);
			dependencies = (
				9D10780F2BF3258F003AEC57 /* PBXTargetDependency */,
			);
			name = BeatCentralTests;
			productName = BeatCentralTests;
			productReference = 9D10780D2BF3258F003AEC57 /* BeatCentralTests.xctest */;
			productType = "com.apple.product-type.bundle.unit-test";
		};
		9D1078162BF3258F003AEC57 /* BeatCentralUITests */ = {
			isa = PBXNativeTarget;
			buildConfigurationList = 9D1078272BF3258F003AEC57 /* Build configuration list for PBXNativeTarget "BeatCentralUITests" */;
			buildPhases = (
				9D1078132BF3258F003AEC57 /* Sources */,
				9D1078142BF3258F003AEC57 /* Frameworks */,
				9D1078152BF3258F003AEC57 /* Resources */,
			);
			buildRules = (
			);
			dependencies = (
				9D1078192BF3258F003AEC57 /* PBXTargetDependency */,
			);
			name = BeatCentralUITests;
			productName = BeatCentralUITests;
			productReference = 9D1078172BF3258F003AEC57 /* BeatCentralUITests.xctest */;
			productType = "com.apple.product-type.bundle.ui-testing";
		};
/* End PBXNativeTarget section */

/* Begin PBXProject section */
		9D1077F22BF3258D003AEC57 /* Project object */ = {
			isa = PBXProject;
			attributes = {
				BuildIndependentTargetsInParallel = 1;
				LastSwiftUpdateCheck = 1530;
				LastUpgradeCheck = 1530;
				TargetAttributes = {
					9D1077F92BF3258D003AEC57 = {
						CreatedOnToolsVersion = 15.3;
					};
					9D10780C2BF3258F003AEC57 = {
						CreatedOnToolsVersion = 15.3;
						TestTargetID = 9D1077F92BF3258D003AEC57;
					};
					9D1078162BF3258F003AEC57 = {
						CreatedOnToolsVersion = 15.3;
						TestTargetID = 9D1077F92BF3258D003AEC57;
					};
				};
			};
			buildConfigurationList = 9D1077F52BF3258D003AEC57 /* Build configuration list for PBXProject "BeatCentral" */;
			compatibilityVersion = "Xcode 14.0";
			developmentRegion = en;
			hasScannedForEncodings = 0;
			knownRegions = (
				en,
				Base,
			);
			mainGroup = 9D1077F12BF3258D003AEC57;
			productRefGroup = 9D1077FB2BF3258D003AEC57 /* Products */;
			projectDirPath = "";
			projectRoot = "";
			targets = (
				9D1077F92BF3258D003AEC57 /* BeatCentral */,
				9D10780C2BF3258F003AEC57 /* BeatCentralTests */,
				9D1078162BF3258F003AEC57 /* BeatCentralUITests */,
			);
		};
/* End PBXProject section */

/* Begin PBXResourcesBuildPhase section */
		9D1077F82BF3258D003AEC57 /* Resources */ = {
			isa = PBXResourcesBuildPhase;
			buildActionMask = 2147483647;
			files = (
				9D8E76AF2BFB237900E7E63D /* tomlow.wav in Resources */,
				9DDB08F32BFC224F006B75C2 /* Snare_12_649.wav in Resources */,
				9D8E76AD2BFB237900E7E63D /* crash.wav in Resources */,
				9D8E76AC2BFB237900E7E63D /* ride.wav in Resources */,
				9D8E76B12BFB237900E7E63D /* tomhigh.wav in Resources */,
				9D8E76AE2BFB237900E7E63D /* floortom.wav in Resources */,
				9D1078072BF3258F003AEC57 /* Preview Assets.xcassets in Resources */,
				9D8E76AA2BFB237900E7E63D /* snare.wav in Resources */,
				9D8E76B02BFB237900E7E63D /* hihatopen.wav in Resources */,
				9D1078042BF3258F003AEC57 /* Assets.xcassets in Resources */,
				9D8E76AB2BFB237900E7E63D /* hihat.wav in Resources */,
				9D8E76B32BFB2BD000E7E63D /* kick.wav in Resources */,
			);
			runOnlyForDeploymentPostprocessing = 0;
		};
		9D10780B2BF3258F003AEC57 /* Resources */ = {
			isa = PBXResourcesBuildPhase;
			buildActionMask = 2147483647;
			files = (
			);
			runOnlyForDeploymentPostprocessing = 0;
		};
		9D1078152BF3258F003AEC57 /* Resources */ = {
			isa = PBXResourcesBuildPhase;
			buildActionMask = 2147483647;
			files = (
			);
			runOnlyForDeploymentPostprocessing = 0;
		};
/* End PBXResourcesBuildPhase section */

/* Begin PBXSourcesBuildPhase section */
		9D1077F62BF3258D003AEC57 /* Sources */ = {
			isa = PBXSourcesBuildPhase;
			buildActionMask = 2147483647;
			files = (
				9D1078002BF3258D003AEC57 /* ContentView.swift in Sources */,
				9D22E9B52BF6CF3C00438A3E /* KeyboardObserver.swift in Sources */,
				9D8E76B52BFB2C0900E7E63D /* KeyMapView.swift in Sources */,
				9D22E9A42BF5A0E600438A3E /* AudioManager.swift in Sources */,
				9D22E9A72BF5A6C600438A3E /* SoundInitializer.swift in Sources */,
				9D22E9B12BF6C5DE00438A3E /* KeyboardManager.swift in Sources */,
				9D1077FE2BF3258D003AEC57 /* BeatCentralApp.swift in Sources */,
			);
			runOnlyForDeploymentPostprocessing = 0;
		};
		9D1078092BF3258F003AEC57 /* Sources */ = {
			isa = PBXSourcesBuildPhase;
			buildActionMask = 2147483647;
			files = (
				9D1078122BF3258F003AEC57 /* BeatCentralTests.swift in Sources */,
			);
			runOnlyForDeploymentPostprocessing = 0;
		};
		9D1078132BF3258F003AEC57 /* Sources */ = {
			isa = PBXSourcesBuildPhase;
			buildActionMask = 2147483647;
			files = (
				9D10781E2BF3258F003AEC57 /* BeatCentralUITestsLaunchTests.swift in Sources */,
				9D10781C2BF3258F003AEC57 /* BeatCentralUITests.swift in Sources */,
			);
			runOnlyForDeploymentPostprocessing = 0;
		};
/* End PBXSourcesBuildPhase section */

/* Begin PBXTargetDependency section */
		9D10780F2BF3258F003AEC57 /* PBXTargetDependency */ = {
			isa = PBXTargetDependency;
			target = 9D1077F92BF3258D003AEC57 /* BeatCentral */;
			targetProxy = 9D10780E2BF3258F003AEC57 /* PBXContainerItemProxy */;
		};
		9D1078192BF3258F003AEC57 /* PBXTargetDependency */ = {
			isa = PBXTargetDependency;
			target = 9D1077F92BF3258D003AEC57 /* BeatCentral */;
			targetProxy = 9D1078182BF3258F003AEC57 /* PBXContainerItemProxy */;
		};
/* End PBXTargetDependency section */

/* Begin XCBuildConfiguration section */
		9D10781F2BF3258F003AEC57 /* Debug */ = {
			isa = XCBuildConfiguration;
			buildSettings = {
				ALWAYS_SEARCH_USER_PATHS = NO;
				ASSETCATALOG_COMPILER_GENERATE_SWIFT_ASSET_SYMBOL_EXTENSIONS = YES;
				CLANG_ANALYZER_NONNULL = YES;
				CLANG_ANALYZER_NUMBER_OBJECT_CONVERSION = YES_AGGRESSIVE;
				CLANG_CXX_LANGUAGE_STANDARD = "gnu++20";
				CLANG_ENABLE_MODULES = YES;
				CLANG_ENABLE_OBJC_ARC = YES;
				CLANG_ENABLE_OBJC_WEAK = YES;
				CLANG_WARN_BLOCK_CAPTURE_AUTORELEASING = YES;
				CLANG_WARN_BOOL_CONVERSION = YES;
				CLANG_WARN_COMMA = YES;
				CLANG_WARN_CONSTANT_CONVERSION = YES;
				CLANG_WARN_DEPRECATED_OBJC_IMPLEMENTATIONS = YES;
				CLANG_WARN_DIRECT_OBJC_ISA_USAGE = YES_ERROR;
				CLANG_WARN_DOCUMENTATION_COMMENTS = YES;
				CLANG_WARN_EMPTY_BODY = YES;
				CLANG_WARN_ENUM_CONVERSION = YES;
				CLANG_WARN_INFINITE_RECURSION = YES;
				CLANG_WARN_INT_CONVERSION = YES;
				CLANG_WARN_NON_LITERAL_NULL_CONVERSION = YES;
				CLANG_WARN_OBJC_IMPLICIT_RETAIN_SELF = YES;
				CLANG_WARN_OBJC_LITERAL_CONVERSION = YES;
				CLANG_WARN_OBJC_ROOT_CLASS = YES_ERROR;
				CLANG_WARN_QUOTED_INCLUDE_IN_FRAMEWORK_HEADER = YES;
				CLANG_WARN_RANGE_LOOP_ANALYSIS = YES;
				CLANG_WARN_STRICT_PROTOTYPES = YES;
				CLANG_WARN_SUSPICIOUS_MOVE = YES;
				CLANG_WARN_UNGUARDED_AVAILABILITY = YES_AGGRESSIVE;
				CLANG_WARN_UNREACHABLE_CODE = YES;
				CLANG_WARN__DUPLICATE_METHOD_MATCH = YES;
				COPY_PHASE_STRIP = NO;
				DEBUG_INFORMATION_FORMAT = dwarf;
				ENABLE_STRICT_OBJC_MSGSEND = YES;
				ENABLE_TESTABILITY = YES;
				ENABLE_USER_SCRIPT_SANDBOXING = YES;
				GCC_C_LANGUAGE_STANDARD = gnu17;
				GCC_DYNAMIC_NO_PIC = NO;
				GCC_NO_COMMON_BLOCKS = YES;
				GCC_OPTIMIZATION_LEVEL = 0;
				GCC_PREPROCESSOR_DEFINITIONS = (
					"DEBUG=1",
					"$(inherited)",
				);
				GCC_WARN_64_TO_32_BIT_CONVERSION = YES;
				GCC_WARN_ABOUT_RETURN_TYPE = YES_ERROR;
				GCC_WARN_UNDECLARED_SELECTOR = YES;
				GCC_WARN_UNINITIALIZED_AUTOS = YES_AGGRESSIVE;
				GCC_WARN_UNUSED_FUNCTION = YES;
				GCC_WARN_UNUSED_VARIABLE = YES;
				LOCALIZATION_PREFERS_STRING_CATALOGS = YES;
				MACOSX_DEPLOYMENT_TARGET = 14.4;
				MTL_ENABLE_DEBUG_INFO = INCLUDE_SOURCE;
				MTL_FAST_MATH = YES;
				ONLY_ACTIVE_ARCH = YES;
				SDKROOT = macosx;
				SWIFT_ACTIVE_COMPILATION_CONDITIONS = "DEBUG $(inherited)";
				SWIFT_OPTIMIZATION_LEVEL = "-Onone";
			};
			name = Debug;
		};
		9D1078202BF3258F003AEC57 /* Release */ = {
			isa = XCBuildConfiguration;
			buildSettings = {
				ALWAYS_SEARCH_USER_PATHS = NO;
				ASSETCATALOG_COMPILER_GENERATE_SWIFT_ASSET_SYMBOL_EXTENSIONS = YES;
				CLANG_ANALYZER_NONNULL = YES;
				CLANG_ANALYZER_NUMBER_OBJECT_CONVERSION = YES_AGGRESSIVE;
				CLANG_CXX_LANGUAGE_STANDARD = "gnu++20";
				CLANG_ENABLE_MODULES = YES;
				CLANG_ENABLE_OBJC_ARC = YES;
				CLANG_ENABLE_OBJC_WEAK = YES;
				CLANG_WARN_BLOCK_CAPTURE_AUTORELEASING = YES;
				CLANG_WARN_BOOL_CONVERSION = YES;
				CLANG_WARN_COMMA = YES;
				CLANG_WARN_CONSTANT_CONVERSION = YES;
				CLANG_WARN_DEPRECATED_OBJC_IMPLEMENTATIONS = YES;
				CLANG_WARN_DIRECT_OBJC_ISA_USAGE = YES_ERROR;
				CLANG_WARN_DOCUMENTATION_COMMENTS = YES;
				CLANG_WARN_EMPTY_BODY = YES;
				CLANG_WARN_ENUM_CONVERSION = YES;
				CLANG_WARN_INFINITE_RECURSION = YES;
				CLANG_WARN_INT_CONVERSION = YES;
				CLANG_WARN_NON_LITERAL_NULL_CONVERSION = YES;
				CLANG_WARN_OBJC_IMPLICIT_RETAIN_SELF = YES;
				CLANG_WARN_OBJC_LITERAL_CONVERSION = YES;
				CLANG_WARN_OBJC_ROOT_CLASS = YES_ERROR;
				CLANG_WARN_QUOTED_INCLUDE_IN_FRAMEWORK_HEADER = YES;
				CLANG_WARN_RANGE_LOOP_ANALYSIS = YES;
				CLANG_WARN_STRICT_PROTOTYPES = YES;
				CLANG_WARN_SUSPICIOUS_MOVE = YES;
				CLANG_WARN_UNGUARDED_AVAILABILITY = YES_AGGRESSIVE;
				CLANG_WARN_UNREACHABLE_CODE = YES;
				CLANG_WARN__DUPLICATE_METHOD_MATCH = YES;
				COPY_PHASE_STRIP = NO;
				DEBUG_INFORMATION_FORMAT = "dwarf-with-dsym";
				ENABLE_NS_ASSERTIONS = NO;
				ENABLE_STRICT_OBJC_MSGSEND = YES;
				ENABLE_USER_SCRIPT_SANDBOXING = YES;
				GCC_C_LANGUAGE_STANDARD = gnu17;
				GCC_NO_COMMON_BLOCKS = YES;
				GCC_WARN_64_TO_32_BIT_CONVERSION = YES;
				GCC_WARN_ABOUT_RETURN_TYPE = YES_ERROR;
				GCC_WARN_UNDECLARED_SELECTOR = YES;
				GCC_WARN_UNINITIALIZED_AUTOS = YES_AGGRESSIVE;
				GCC_WARN_UNUSED_FUNCTION = YES;
				GCC_WARN_UNUSED_VARIABLE = YES;
				LOCALIZATION_PREFERS_STRING_CATALOGS = YES;
				MACOSX_DEPLOYMENT_TARGET = 14.4;
				MTL_ENABLE_DEBUG_INFO = NO;
				MTL_FAST_MATH = YES;
				SDKROOT = macosx;
				SWIFT_COMPILATION_MODE = wholemodule;
			};
			name = Release;
		};
		9D1078222BF3258F003AEC57 /* Debug */ = {
			isa = XCBuildConfiguration;
			buildSettings = {
				ASSETCATALOG_COMPILER_APPICON_NAME = AppIcon;
				ASSETCATALOG_COMPILER_GLOBAL_ACCENT_COLOR_NAME = AccentColor;
				CODE_SIGN_ENTITLEMENTS = BeatCentral/BeatCentral.entitlements;
				CODE_SIGN_STYLE = Automatic;
				COMBINE_HIDPI_IMAGES = YES;
				CURRENT_PROJECT_VERSION = 1;
				DEVELOPMENT_ASSET_PATHS = "\"BeatCentral/Preview Content\"";
				DEVELOPMENT_TEAM = HQSPL9G29Z;
				ENABLE_HARDENED_RUNTIME = YES;
				ENABLE_PREVIEWS = YES;
				GENERATE_INFOPLIST_FILE = YES;
				INFOPLIST_KEY_NSHumanReadableCopyright = "";
				LD_RUNPATH_SEARCH_PATHS = (
					"$(inherited)",
					"@executable_path/../Frameworks",
				);
				MACOSX_DEPLOYMENT_TARGET = 14.0;
				MARKETING_VERSION = 1.0;
				PRODUCT_BUNDLE_IDENTIFIER = com.BeatCentral;
				PRODUCT_NAME = "$(TARGET_NAME)";
				SWIFT_EMIT_LOC_STRINGS = YES;
				SWIFT_VERSION = 5.0;
			};
			name = Debug;
		};
		9D1078232BF3258F003AEC57 /* Release */ = {
			isa = XCBuildConfiguration;
			buildSettings = {
				ASSETCATALOG_COMPILER_APPICON_NAME = AppIcon;
				ASSETCATALOG_COMPILER_GLOBAL_ACCENT_COLOR_NAME = AccentColor;
				CODE_SIGN_ENTITLEMENTS = BeatCentral/BeatCentral.entitlements;
				CODE_SIGN_STYLE = Automatic;
				COMBINE_HIDPI_IMAGES = YES;
				CURRENT_PROJECT_VERSION = 1;
				DEVELOPMENT_ASSET_PATHS = "\"BeatCentral/Preview Content\"";
				DEVELOPMENT_TEAM = HQSPL9G29Z;
				ENABLE_HARDENED_RUNTIME = YES;
				ENABLE_PREVIEWS = YES;
				GENERATE_INFOPLIST_FILE = YES;
				INFOPLIST_KEY_NSHumanReadableCopyright = "";
				LD_RUNPATH_SEARCH_PATHS = (
					"$(inherited)",
					"@executable_path/../Frameworks",
				);
				MACOSX_DEPLOYMENT_TARGET = 14.0;
				MARKETING_VERSION = 1.0;
				PRODUCT_BUNDLE_IDENTIFIER = com.BeatCentral;
				PRODUCT_NAME = "$(TARGET_NAME)";
				SWIFT_EMIT_LOC_STRINGS = YES;
				SWIFT_VERSION = 5.0;
			};
			name = Release;
		};
		9D1078252BF3258F003AEC57 /* Debug */ = {
			isa = XCBuildConfiguration;
			buildSettings = {
				ALWAYS_EMBED_SWIFT_STANDARD_LIBRARIES = YES;
				BUNDLE_LOADER = "$(TEST_HOST)";
				CODE_SIGN_STYLE = Automatic;
				CURRENT_PROJECT_VERSION = 1;
				DEVELOPMENT_TEAM = HQSPL9G29Z;
				GENERATE_INFOPLIST_FILE = YES;
				MACOSX_DEPLOYMENT_TARGET = 14.0;
				MARKETING_VERSION = 1.0;
				PRODUCT_BUNDLE_IDENTIFIER = com.BeatCentralTests;
				PRODUCT_NAME = "$(TARGET_NAME)";
				SWIFT_EMIT_LOC_STRINGS = NO;
				SWIFT_VERSION = 5.0;
				TEST_HOST = "$(BUILT_PRODUCTS_DIR)/BeatCentral.app/$(BUNDLE_EXECUTABLE_FOLDER_PATH)/BeatCentral";
			};
			name = Debug;
		};
		9D1078262BF3258F003AEC57 /* Release */ = {
			isa = XCBuildConfiguration;
			buildSettings = {
				ALWAYS_EMBED_SWIFT_STANDARD_LIBRARIES = YES;
				BUNDLE_LOADER = "$(TEST_HOST)";
				CODE_SIGN_STYLE = Automatic;
				CURRENT_PROJECT_VERSION = 1;
				DEVELOPMENT_TEAM = HQSPL9G29Z;
				GENERATE_INFOPLIST_FILE = YES;
				MACOSX_DEPLOYMENT_TARGET = 14.0;
				MARKETING_VERSION = 1.0;
				PRODUCT_BUNDLE_IDENTIFIER = com.BeatCentralTests;
				PRODUCT_NAME = "$(TARGET_NAME)";
				SWIFT_EMIT_LOC_STRINGS = NO;
				SWIFT_VERSION = 5.0;
				TEST_HOST = "$(BUILT_PRODUCTS_DIR)/BeatCentral.app/$(BUNDLE_EXECUTABLE_FOLDER_PATH)/BeatCentral";
			};
			name = Release;
		};
		9D1078282BF3258F003AEC57 /* Debug */ = {
			isa = XCBuildConfiguration;
			buildSettings = {
				ALWAYS_EMBED_SWIFT_STANDARD_LIBRARIES = YES;
				CODE_SIGN_STYLE = Automatic;
				CURRENT_PROJECT_VERSION = 1;
				DEVELOPMENT_TEAM = HQSPL9G29Z;
				GENERATE_INFOPLIST_FILE = YES;
				MARKETING_VERSION = 1.0;
				PRODUCT_BUNDLE_IDENTIFIER = com.BeatCentralUITests;
				PRODUCT_NAME = "$(TARGET_NAME)";
				SWIFT_EMIT_LOC_STRINGS = NO;
				SWIFT_VERSION = 5.0;
				TEST_TARGET_NAME = BeatCentral;
			};
			name = Debug;
		};
		9D1078292BF3258F003AEC57 /* Release */ = {
			isa = XCBuildConfiguration;
			buildSettings = {
				ALWAYS_EMBED_SWIFT_STANDARD_LIBRARIES = YES;
				CODE_SIGN_STYLE = Automatic;
				CURRENT_PROJECT_VERSION = 1;
				DEVELOPMENT_TEAM = HQSPL9G29Z;
				GENERATE_INFOPLIST_FILE = YES;
				MARKETING_VERSION = 1.0;
				PRODUCT_BUNDLE_IDENTIFIER = com.BeatCentralUITests;
				PRODUCT_NAME = "$(TARGET_NAME)";
				SWIFT_EMIT_LOC_STRINGS = NO;
				SWIFT_VERSION = 5.0;
				TEST_TARGET_NAME = BeatCentral;
			};
			name = Release;
		};
/* End XCBuildConfiguration section */

/* Begin XCConfigurationList section */
		9D1077F52BF3258D003AEC57 /* Build configuration list for PBXProject "BeatCentral" */ = {
			isa = XCConfigurationList;
			buildConfigurations = (
				9D10781F2BF3258F003AEC57 /* Debug */,
				9D1078202BF3258F003AEC57 /* Release */,
			);
			defaultConfigurationIsVisible = 0;
			defaultConfigurationName = Release;
		};
		9D1078212BF3258F003AEC57 /* Build configuration list for PBXNativeTarget "BeatCentral" */ = {
			isa = XCConfigurationList;
			buildConfigurations = (
				9D1078222BF3258F003AEC57 /* Debug */,
				9D1078232BF3258F003AEC57 /* Release */,
			);
			defaultConfigurationIsVisible = 0;
			defaultConfigurationName = Release;
		};
		9D1078242BF3258F003AEC57 /* Build configuration list for PBXNativeTarget "BeatCentralTests" */ = {
			isa = XCConfigurationList;
			buildConfigurations = (
				9D1078252BF3258F003AEC57 /* Debug */,
				9D1078262BF3258F003AEC57 /* Release */,
			);
			defaultConfigurationIsVisible = 0;
			defaultConfigurationName = Release;
		};
		9D1078272BF3258F003AEC57 /* Build configuration list for PBXNativeTarget "BeatCentralUITests" */ = {
			isa = XCConfigurationList;
			buildConfigurations = (
				9D1078282BF3258F003AEC57 /* Debug */,
				9D1078292BF3258F003AEC57 /* Release */,
			);
			defaultConfigurationIsVisible = 0;
			defaultConfigurationName = Release;
		};
/* End XCConfigurationList section */
	};
	rootObject = 9D1077F22BF3258D003AEC57 /* Project object */;
}
